{
  "name": "ch10",
  "lockfileVersion": 3,
  "requires": true,
  "packages": {
    "": {
      "dependencies": {
        "front-end-path-palindrome": "^0.1.1",
        "fs": "^0.0.1-security"
      }
    },
    "node_modules/front-end-path-palindrome": {
      "version": "0.1.1",
      "resolved": "https://registry.npmjs.org/front-end-path-palindrome/-/front-end-path-palindrome-0.1.1.tgz",
      "integrity": "sha512-c8HRPcMpAO7keOh/cMWCCdRD+aes34+JaY9TFS9n0H66K8KEZvdq/1W+m+LtFmYOQb5vDN19ozKfcJF02YyPDQ=="
    },
    "node_modules/fs": {
      "version": "0.0.1-security",
      "resolved": "https://registry.npmjs.org/fs/-/fs-0.0.1-security.tgz",
      "integrity": "sha512-3XY9e1pP0CVEUCdj5BmfIZxRBTSDycnbqhIOGec9QYtmVH2fbLpj86CFWkrNOkt/Fvty4KZG5lTglL9j/gJ87w=="
    }
  }
}
